
Microsoft Visual Studio Solution File, Format Version 12.00
# Visual Studio Version 17
VisualStudioVersion = 17.6.33801.468
MinimumVisualStudioVersion = 10.0.40219.1
Project("{9A19103F-16F7-4668-BE54-9A1E7A4F7556}") = "MagicVilla_VillaAPI", "MagicVilla_VillaAPI\MagicVilla_VillaAPI.csproj", "{BBEB53FB-B6C4-48FD-B6CC-6A74A94F7072}"
EndProject
Project("{FAE04EC0-301F-11D3-BF4B-00C04F79EFBC}") = "MagicVilla_Web", "MagicVilla_Web\MagicVilla_Web.csproj", "{FAFC8C8C-FF51-41D7-93AE-EECA0CA370D0}"
EndProject
Global
	GlobalSection(SolutionConfigurationPlatforms) = preSolution
		Debug|Any CPU = Debug|Any CPU
		Release|Any CPU = Release|Any CPU
	EndGlobalSection
	GlobalSection(ProjectConfigurationPlatforms) = postSolution
		{BBEB53FB-B6C4-48FD-B6CC-6A74A94F7072}.Debug|Any CPU.ActiveCfg = Debug|Any CPU
		{BBEB53FB-B6C4-48FD-B6CC-6A74A94F7072}.Debug|Any CPU.Build.0 = Debug|Any CPU
		{BBEB53FB-B6C4-48FD-B6CC-6A74A94F7072}.Release|Any CPU.ActiveCfg = Release|Any CPU
		{BBEB53FB-B6C4-48FD-B6CC-6A74A94F7072}.Release|Any CPU.Build.0 = Release|Any CPU
		{FAFC8C8C-FF51-41D7-93AE-EECA0CA370D0}.Debug|Any CPU.ActiveCfg = Debug|Any CPU
		{FAFC8C8C-FF51-41D7-93AE-EECA0CA370D0}.Debug|Any CPU.Build.0 = Debug|Any CPU
		{FAFC8C8C-FF51-41D7-93AE-EECA0CA370D0}.Release|Any CPU.ActiveCfg = Release|Any CPU
		{FAFC8C8C-FF51-41D7-93AE-EECA0CA370D0}.Release|Any CPU.Build.0 = Release|Any CPU
	EndGlobalSection
	GlobalSection(SolutionProperties) = preSolution
		HideSolutionNode = FALSE
	EndGlobalSection
	GlobalSection(ExtensibilityGlobals) = postSolution
		SolutionGuid = {2458E799-FFAB-4431-8B2A-B3246F343EF5}
	EndGlobalSection
EndGlobal
